{
  "name": "non-angular-project",
  "version": "0.0.0",
  "lockfileVersion": 3,
  "requires": true,
  "packages": {
    "": {
      "name": "non-angular-project",
      "version": "0.0.0",
      "dependencies": {
        "@angular/animations": "^19.0.0",
        "@angular/common": "^19.0.0",
        "@angular/compiler": "^19.0.0",
        "@angular/core": "^19.0.0",
        "@angular/forms": "^19.0.0",
        "@angular/platform-browser": "^19.0.0",
        "@angular/platform-browser-dynamic": "^19.0.0",
        "@angular/platform-server": "^19.0.0",
        "@angular/router": "^19.0.0",
        "@angular/ssr": "^19.0.0",
        "@netlify/angular-runtime": "file:../../../"
      }
    },
    "../..": {
      "extraneous": true
    },
    "../../..": {
      "name": "@netlify/angular-runtime",
      "version": "2.2.0",
      "license": "MIT",
      "dependencies": {
        "fs-extra": "^11.1.1",
        "semver": "^7.5.4"
      },
      "devDependencies": {
        "@netlify/build": "^29.56.1",
        "@netlify/eslint-config-node": "^7.0.1",
        "@opentelemetry/api": "~1.8.0",
        "@types/node": "^18.19.0",
        "eslint-plugin-unicorn": "^49.0.0",
        "husky": "^4.3.0",
        "netlify-cli": "^17.37.2",
        "npm-run-all2": "^6.0.0",
        "prettier": "^2.1.2"
      },
      "engines": {
        "node": ">=18.13.0"
      }
    },
    "node_modules/@angular/animations": {
      "version": "19.0.0",
      "resolved": "https://registry.npmjs.org/@angular/animations/-/animations-19.0.0.tgz",
      "integrity": "sha512-+uZTvEXjYh8PZKB4ijk8uuH1K+Tz/A67mUlltFv9pYKtnmbZAeS/PI66g/7pigRYDvEgid1fvlAANeBShAiPZQ==",
      "license": "MIT",
      "dependencies": {
        "tslib": "^2.3.0"
      },
      "engines": {
        "node": "^18.19.1 || ^20.11.1 || >=22.0.0"
      },
      "peerDependencies": {
        "@angular/core": "19.0.0"
      }
    },
    "node_modules/@angular/common": {
      "version": "19.0.0",
      "resolved": "https://registry.npmjs.org/@angular/common/-/common-19.0.0.tgz",
      "integrity": "sha512-kb2iS26GZS0vyR3emAQbIiQifnK5M5vnbclEHni+pApDEU5V9FufbdRP3vCxs28UHZvAZKB0LrxkTrnT6T+z5g==",
      "license": "MIT",
      "dependencies": {
        "tslib": "^2.3.0"
      },
      "engines": {
        "node": "^18.19.1 || ^20.11.1 || >=22.0.0"
      },
      "peerDependencies": {
        "@angular/core": "19.0.0",
        "rxjs": "^6.5.3 || ^7.4.0"
      }
    },
    "node_modules/@angular/compiler": {
      "version": "19.0.0",
      "resolved": "https://registry.npmjs.org/@angular/compiler/-/compiler-19.0.0.tgz",
      "integrity": "sha512-Uw2Yy25pdqfzKsS9WofnIq1zvknlVYyy03LYO7NMKHlFWiy8q8SIXN7WKPFhiHlOfyACXipp4eZb9m3+IbOfSA==",
      "license": "MIT",
      "dependencies": {
        "tslib": "^2.3.0"
      },
      "engines": {
        "node": "^18.19.1 || ^20.11.1 || >=22.0.0"
      },
      "peerDependencies": {
        "@angular/core": "19.0.0"
      },
      "peerDependenciesMeta": {
        "@angular/core": {
          "optional": true
        }
      }
    },
    "node_modules/@angular/core": {
      "version": "19.0.0",
      "resolved": "https://registry.npmjs.org/@angular/core/-/core-19.0.0.tgz",
      "integrity": "sha512-aNG2kd30BOM/zf0jC+aEVG8OA27IwqCki9EkmyRNYnaP2O5Mj1n7JpCyZGI+0LrWTJ2UUCfRNZiZdZwmNThr1Q==",
      "license": "MIT",
      "dependencies": {
        "tslib": "^2.3.0"
      },
      "engines": {
        "node": "^18.19.1 || ^20.11.1 || >=22.0.0"
      },
      "peerDependencies": {
        "rxjs": "^6.5.3 || ^7.4.0",
        "zone.js": "~0.15.0"
      }
    },
    "node_modules/@angular/forms": {
      "version": "19.0.0",
      "resolved": "https://registry.npmjs.org/@angular/forms/-/forms-19.0.0.tgz",
      "integrity": "sha512-gM4bUdlIJ0uRYNwoVMbXiZt4+bZzPXzyQ7ByNIOVKEAI0PN9Jz1dR1pSeQgIoUvKQbhwsVKVUoa7Tn1hoqwvTg==",
      "license": "MIT",
      "dependencies": {
        "tslib": "^2.3.0"
      },
      "engines": {
        "node": "^18.19.1 || ^20.11.1 || >=22.0.0"
      },
      "peerDependencies": {
        "@angular/common": "19.0.0",
        "@angular/core": "19.0.0",
        "@angular/platform-browser": "19.0.0",
        "rxjs": "^6.5.3 || ^7.4.0"
      }
    },
    "node_modules/@angular/platform-browser": {
      "version": "19.0.0",
      "resolved": "https://registry.npmjs.org/@angular/platform-browser/-/platform-browser-19.0.0.tgz",
      "integrity": "sha512-g9Qkv+KgEmXLVeg+dw1edmWsRBspUGeJMOBf2UX1kUCw6txeco+pzCMimouB5LQYHfs6cD6oC+FwINm0HNwrhg==",
      "license": "MIT",
      "dependencies": {
        "tslib": "^2.3.0"
      },
      "engines": {
        "node": "^18.19.1 || ^20.11.1 || >=22.0.0"
      },
      "peerDependencies": {
        "@angular/animations": "19.0.0",
        "@angular/common": "19.0.0",
        "@angular/core": "19.0.0"
      },
      "peerDependenciesMeta": {
        "@angular/animations": {
          "optional": true
        }
      }
    },
    "node_modules/@angular/platform-browser-dynamic": {
      "version": "19.0.0",
      "resolved": "https://registry.npmjs.org/@angular/platform-browser-dynamic/-/platform-browser-dynamic-19.0.0.tgz",
      "integrity": "sha512-ljvycDe0etmTBDzbCFakpsItywddpKEyCZGMKRvz5TdND1N1qqXydxAF1kLzP5H7F/QOMdP4/T/T1HS+6AUpkw==",
      "license": "MIT",
      "dependencies": {
        "tslib": "^2.3.0"
      },
      "engines": {
        "node": "^18.19.1 || ^20.11.1 || >=22.0.0"
      },
      "peerDependencies": {
        "@angular/common": "19.0.0",
        "@angular/compiler": "19.0.0",
        "@angular/core": "19.0.0",
        "@angular/platform-browser": "19.0.0"
      }
    },
    "node_modules/@angular/platform-server": {
      "version": "19.0.0",
      "resolved": "https://registry.npmjs.org/@angular/platform-server/-/platform-server-19.0.0.tgz",
      "integrity": "sha512-eQ+mT2DvIp+tQO268WJQ5CO9nB+jcXNYqUzEfAqAhUNnpxCn3j6d8GNjx16GOVkHVBrVJvW32WPBCG4fzoi0sQ==",
      "license": "MIT",
      "dependencies": {
        "tslib": "^2.3.0",
        "xhr2": "^0.2.0"
      },
      "engines": {
        "node": "^18.19.1 || ^20.11.1 || >=22.0.0"
      },
      "peerDependencies": {
        "@angular/animations": "19.0.0",
        "@angular/common": "19.0.0",
        "@angular/compiler": "19.0.0",
        "@angular/core": "19.0.0",
        "@angular/platform-browser": "19.0.0"
      }
    },
    "node_modules/@angular/router": {
      "version": "19.0.0",
      "resolved": "https://registry.npmjs.org/@angular/router/-/router-19.0.0.tgz",
      "integrity": "sha512-uFyT8DWVLGY8k0AZjpK7iyMO/WwT4/+b09Ax0uUEbdcRxTXSOg8/U/AVzQWtxzxI80/vJE2WZMmhIJFUTYwhKA==",
      "license": "MIT",
      "dependencies": {
        "tslib": "^2.3.0"
      },
      "engines": {
        "node": "^18.19.1 || ^20.11.1 || >=22.0.0"
      },
      "peerDependencies": {
        "@angular/common": "19.0.0",
        "@angular/core": "19.0.0",
        "@angular/platform-browser": "19.0.0",
        "rxjs": "^6.5.3 || ^7.4.0"
      }
    },
    "node_modules/@angular/ssr": {
      "version": "19.0.0",
      "resolved": "https://registry.npmjs.org/@angular/ssr/-/ssr-19.0.0.tgz",
      "integrity": "sha512-gzGDhLTlfVZFdoXl1NGRViLE7F9UPsBOVIE7PE3TlY/+/dHNJlIb9UrVGe0iI+sbLlPC8csGUE1040PSzs6+3g==",
      "license": "MIT",
      "dependencies": {
        "tslib": "^2.3.0"
      },
      "peerDependencies": {
        "@angular/common": "^19.0.0",
        "@angular/core": "^19.0.0",
        "@angular/platform-server": "^19.0.0",
        "@angular/router": "^19.0.0"
      }
    },
    "node_modules/@netlify/angular-runtime": {
      "resolved": "../../..",
      "link": true
    },
    "node_modules/rxjs": {
      "version": "7.8.1",
      "resolved": "https://registry.npmjs.org/rxjs/-/rxjs-7.8.1.tgz",
      "integrity": "sha512-AA3TVj+0A2iuIoQkWEK/tqFjBq2j+6PO6Y0zJcvzLAFhEFIO3HL0vls9hWLncZbAAbK0mar7oZ4V079I/qPMxg==",
      "peer": true,
      "dependencies": {
        "tslib": "^2.1.0"
      }
    },
    "node_modules/tslib": {
      "version": "2.6.2",
      "resolved": "https://registry.npmjs.org/tslib/-/tslib-2.6.2.tgz",
      "integrity": "sha512-AEYxH93jGFPn/a2iVAwW87VuUIkR1FVUKB77NwMF7nBTDkDrrT/Hpt/IrCJ0QXhW27jTBDcf5ZY7w6RiqTMw2Q=="
    },
    "node_modules/xhr2": {
      "version": "0.2.1",
      "resolved": "https://registry.npmjs.org/xhr2/-/xhr2-0.2.1.tgz",
      "integrity": "sha512-sID0rrVCqkVNUn8t6xuv9+6FViXjUVXq8H5rWOH2rz9fDNQEd4g0EA2XlcEdJXRz5BMEn4O1pJFdT+z4YHhoWw==",
      "engines": {
        "node": ">= 6"
      }
    },
    "node_modules/zone.js": {
      "version": "0.15.0",
      "resolved": "https://registry.npmjs.org/zone.js/-/zone.js-0.15.0.tgz",
      "integrity": "sha512-9oxn0IIjbCZkJ67L+LkhYWRyAy7axphb3VgE2MBDlOqnmHMPWGYMxJxBYFueFq/JGY2GMwS0rU+UCLunEmy5UA==",
      "license": "MIT",
      "peer": true
    }
  }
}
